// !$*UTF8*$!
{
	archiveVersion = 1;
	classes = {
	};
	objectVersion = 56;
	objects = {

/* Begin PBXBuildFile section */
		1E7B8B2E29E98EF600F7562A /* AppDelegate.swift in Sources */ = {isa = PBXBuildFile; fileRef = 1E7B8B2D29E98EF600F7562A /* AppDelegate.swift */; };
		1E7B8B3029E98EF600F7562A /* SceneDelegate.swift in Sources */ = {isa = PBXBuildFile; fileRef = 1E7B8B2F29E98EF600F7562A /* SceneDelegate.swift */; };
		1E7B8B3229E98EF600F7562A /* ViewController.swift in Sources */ = {isa = PBXBuildFile; fileRef = 1E7B8B3129E98EF600F7562A /* ViewController.swift */; };
		1E7B8B3529E98EF600F7562A /* Main.storyboard in Resources */ = {isa = PBXBuildFile; fileRef = 1E7B8B3329E98EF600F7562A /* Main.storyboard */; };
		1E7B8B3729E98EF900F7562A /* Assets.xcassets in Resources */ = {isa = PBXBuildFile; fileRef = 1E7B8B3629E98EF900F7562A /* Assets.xcassets */; };
		1E7B8B3A29E98EF900F7562A /* LaunchScreen.storyboard in Resources */ = {isa = PBXBuildFile; fileRef = 1E7B8B3829E98EF900F7562A /* LaunchScreen.storyboard */; };
		1E7B8B4529E98EF900F7562A /* FilmotekaTests.swift in Sources */ = {isa = PBXBuildFile; fileRef = 1E7B8B4429E98EF900F7562A /* FilmotekaTests.swift */; };
		1E7B8B4F29E98EF900F7562A /* FilmotekaUITests.swift in Sources */ = {isa = PBXBuildFile; fileRef = 1E7B8B4E29E98EF900F7562A /* FilmotekaUITests.swift */; };
		1E7B8B5129E98EF900F7562A /* FilmotekaUITestsLaunchTests.swift in Sources */ = {isa = PBXBuildFile; fileRef = 1E7B8B5029E98EF900F7562A /* FilmotekaUITestsLaunchTests.swift */; };
/* End PBXBuildFile section */

/* Begin PBXContainerItemProxy section */
		1E7B8B4129E98EF900F7562A /* PBXContainerItemProxy */ = {
			isa = PBXContainerItemProxy;
			containerPortal = 1E7B8B2229E98EF600F7562A /* Project object */;
			proxyType = 1;
			remoteGlobalIDString = 1E7B8B2929E98EF600F7562A;
			remoteInfo = Filmoteka;
		};
		1E7B8B4B29E98EF900F7562A /* PBXContainerItemProxy */ = {
			isa = PBXContainerItemProxy;
			containerPortal = 1E7B8B2229E98EF600F7562A /* Project object */;
			proxyType = 1;
			remoteGlobalIDString = 1E7B8B2929E98EF600F7562A;
			remoteInfo = Filmoteka;
		};
/* End PBXContainerItemProxy section */

/* Begin PBXFileReference section */
		1E7B8B2A29E98EF600F7562A /* Filmoteka.app */ = {isa = PBXFileReference; explicitFileType = wrapper.application; includeInIndex = 0; path = Filmoteka.app; sourceTree = BUILT_PRODUCTS_DIR; };
		1E7B8B2D29E98EF600F7562A /* AppDelegate.swift */ = {isa = PBXFileReference; lastKnownFileType = sourcecode.swift; path = AppDelegate.swift; sourceTree = "<group>"; };
		1E7B8B2F29E98EF600F7562A /* SceneDelegate.swift */ = {isa = PBXFileReference; lastKnownFileType = sourcecode.swift; path = SceneDelegate.swift; sourceTree = "<group>"; };
		1E7B8B3129E98EF600F7562A /* ViewController.swift */ = {isa = PBXFileReference; lastKnownFileType = sourcecode.swift; path = ViewController.swift; sourceTree = "<group>"; };
		1E7B8B3429E98EF600F7562A /* Base */ = {isa = PBXFileReference; lastKnownFileType = file.storyboard; name = Base; path = Base.lproj/Main.storyboard; sourceTree = "<group>"; };
		1E7B8B3629E98EF900F7562A /* Assets.xcassets */ = {isa = PBXFileReference; lastKnownFileType = folder.assetcatalog; path = Assets.xcassets; sourceTree = "<group>"; };
		1E7B8B3929E98EF900F7562A /* Base */ = {isa = PBXFileReference; lastKnownFileType = file.storyboard; name = Base; path = Base.lproj/LaunchScreen.storyboard; sourceTree = "<group>"; };
		1E7B8B3B29E98EF900F7562A /* Info.plist */ = {isa = PBXFileReference; lastKnownFileType = text.plist.xml; path = Info.plist; sourceTree = "<group>"; };
		1E7B8B4029E98EF900F7562A /* FilmotekaTests.xctest */ = {isa = PBXFileReference; explicitFileType = wrapper.cfbundle; includeInIndex = 0; path = FilmotekaTests.xctest; sourceTree = BUILT_PRODUCTS_DIR; };
		1E7B8B4429E98EF900F7562A /* FilmotekaTests.swift */ = {isa = PBXFileReference; lastKnownFileType = sourcecode.swift; path = FilmotekaTests.swift; sourceTree = "<group>"; };
		1E7B8B4A29E98EF900F7562A /* FilmotekaUITests.xctest */ = {isa = PBXFileReference; explicitFileType = wrapper.cfbundle; includeInIndex = 0; path = FilmotekaUITests.xctest; sourceTree = BUILT_PRODUCTS_DIR; };
		1E7B8B4E29E98EF900F7562A /* FilmotekaUITests.swift */ = {isa = PBXFileReference; lastKnownFileType = sourcecode.swift; path = FilmotekaUITests.swift; sourceTree = "<group>"; };
		1E7B8B5029E98EF900F7562A /* FilmotekaUITestsLaunchTests.swift */ = {isa = PBXFileReference; lastKnownFileType = sourcecode.swift; path = FilmotekaUITestsLaunchTests.swift; sourceTree = "<group>"; };
/* End PBXFileReference section */

/* Begin PBXFrameworksBuildPhase section */
		1E7B8B2729E98EF600F7562A /* Frameworks */ = {
			isa = PBXFrameworksBuildPhase;
			buildActionMask = 2147483647;
			files = (
			);
			runOnlyForDeploymentPostprocessing = 0;
		};
		1E7B8B3D29E98EF900F7562A /* Frameworks */ = {
			isa = PBXFrameworksBuildPhase;
			buildActionMask = 2147483647;
			files = (
			);
			runOnlyForDeploymentPostprocessing = 0;
		};
		1E7B8B4729E98EF900F7562A /* Frameworks */ = {
			isa = PBXFrameworksBuildPhase;
			buildActionMask = 2147483647;
			files = (
			);
			runOnlyForDeploymentPostprocessing = 0;
		};
/* End PBXFrameworksBuildPhase section */

/* Begin PBXGroup section */
		1E7B8B2129E98EF600F7562A = {
			isa = PBXGroup;
			children = (
				1E7B8B2C29E98EF600F7562A /* Filmoteka */,
				1E7B8B4329E98EF900F7562A /* FilmotekaTests */,
				1E7B8B4D29E98EF900F7562A /* FilmotekaUITests */,
				1E7B8B2B29E98EF600F7562A /* Products */,
			);
			sourceTree = "<group>";
		};
		1E7B8B2B29E98EF600F7562A /* Products */ = {
			isa = PBXGroup;
			children = (
				1E7B8B2A29E98EF600F7562A /* Filmoteka.app */,
				1E7B8B4029E98EF900F7562A /* FilmotekaTests.xctest */,
				1E7B8B4A29E98EF900F7562A /* FilmotekaUITests.xctest */,
			);
			name = Products;
			sourceTree = "<group>";
		};
		1E7B8B2C29E98EF600F7562A /* Filmoteka */ = {
			isa = PBXGroup;
			children = (
				1E7B8B2D29E98EF600F7562A /* AppDelegate.swift */,
				1E7B8B2F29E98EF600F7562A /* SceneDelegate.swift */,
				1E7B8B3129E98EF600F7562A /* ViewController.swift */,
				1E7B8B3329E98EF600F7562A /* Main.storyboard */,
				1E7B8B3629E98EF900F7562A /* Assets.xcassets */,
				1E7B8B3829E98EF900F7562A /* LaunchScreen.storyboard */,
				1E7B8B3B29E98EF900F7562A /* Info.plist */,
			);
			path = Filmoteka;
			sourceTree = "<group>";
		};
		1E7B8B4329E98EF900F7562A /* FilmotekaTests */ = {
			isa = PBXGroup;
			children = (
				1E7B8B4429E98EF900F7562A /* FilmotekaTests.swift */,
			);
			path = FilmotekaTests;
			sourceTree = "<group>";
		};
		1E7B8B4D29E98EF900F7562A /* FilmotekaUITests */ = {
			isa = PBXGroup;
			children = (
				1E7B8B4E29E98EF900F7562A /* FilmotekaUITests.swift */,
				1E7B8B5029E98EF900F7562A /* FilmotekaUITestsLaunchTests.swift */,
			);
			path = FilmotekaUITests;
			sourceTree = "<group>";
		};
/* End PBXGroup section */

/* Begin PBXNativeTarget section */
		1E7B8B2929E98EF600F7562A /* Filmoteka */ = {
			isa = PBXNativeTarget;
			buildConfigurationList = 1E7B8B5429E98EF900F7562A /* Build configuration list for PBXNativeTarget "Filmoteka" */;
			buildPhases = (
				1E7B8B2629E98EF600F7562A /* Sources */,
				1E7B8B2729E98EF600F7562A /* Frameworks */,
				1E7B8B2829E98EF600F7562A /* Resources */,
			);
			buildRules = (
			);
			dependencies = (
			);
			name = Filmoteka;
			productName = Filmoteka;
			productReference = 1E7B8B2A29E98EF600F7562A /* Filmoteka.app */;
			productType = "com.apple.product-type.application";
		};
		1E7B8B3F29E98EF900F7562A /* FilmotekaTests */ = {
			isa = PBXNativeTarget;
			buildConfigurationList = 1E7B8B5729E98EF900F7562A /* Build configuration list for PBXNativeTarget "FilmotekaTests" */;
			buildPhases = (
				1E7B8B3C29E98EF900F7562A /* Sources */,
				1E7B8B3D29E98EF900F7562A /* Frameworks */,
				1E7B8B3E29E98EF900F7562A /* Resources */,
			);
			buildRules = (
			);
			dependencies = (
				1E7B8B4229E98EF900F7562A /* PBXTargetDependency */,
			);
			name = FilmotekaTests;
			productName = FilmotekaTests;
			productReference = 1E7B8B4029E98EF900F7562A /* FilmotekaTests.xctest */;
			productType = "com.apple.product-type.bundle.unit-test";
		};
		1E7B8B4929E98EF900F7562A /* FilmotekaUITests */ = {
			isa = PBXNativeTarget;
			buildConfigurationList = 1E7B8B5A29E98EF900F7562A /* Build configuration list for PBXNativeTarget "FilmotekaUITests" */;
			buildPhases = (
				1E7B8B4629E98EF900F7562A /* Sources */,
				1E7B8B4729E98EF900F7562A /* Frameworks */,
				1E7B8B4829E98EF900F7562A /* Resources */,
			);
			buildRules = (
			);
			dependencies = (
				1E7B8B4C29E98EF900F7562A /* PBXTargetDependency */,
			);
			name = FilmotekaUITests;
			productName = FilmotekaUITests;
			productReference = 1E7B8B4A29E98EF900F7562A /* FilmotekaUITests.xctest */;
			productType = "com.apple.product-type.bundle.ui-testing";
		};
/* End PBXNativeTarget section */

/* Begin PBXProject section */
		1E7B8B2229E98EF600F7562A /* Project object */ = {
			isa = PBXProject;
			attributes = {
				BuildIndependentTargetsInParallel = 1;
				LastSwiftUpdateCheck = 1420;
				LastUpgradeCheck = 1420;
				TargetAttributes = {
					1E7B8B2929E98EF600F7562A = {
						CreatedOnToolsVersion = 14.2;
					};
					1E7B8B3F29E98EF900F7562A = {
						CreatedOnToolsVersion = 14.2;
						TestTargetID = 1E7B8B2929E98EF600F7562A;
					};
					1E7B8B4929E98EF900F7562A = {
						CreatedOnToolsVersion = 14.2;
						TestTargetID = 1E7B8B2929E98EF600F7562A;
					};
				};
			};
			buildConfigurationList = 1E7B8B2529E98EF600F7562A /* Build configuration list for PBXProject "Filmoteka" */;
			compatibilityVersion = "Xcode 14.0";
			developmentRegion = en;
			hasScannedForEncodings = 0;
			knownRegions = (
				en,
				Base,
			);
			mainGroup = 1E7B8B2129E98EF600F7562A;
			productRefGroup = 1E7B8B2B29E98EF600F7562A /* Products */;
			projectDirPath = "";
			projectRoot = "";
			targets = (
				1E7B8B2929E98EF600F7562A /* Filmoteka */,
				1E7B8B3F29E98EF900F7562A /* FilmotekaTests */,
				1E7B8B4929E98EF900F7562A /* FilmotekaUITests */,
			);
		};
/* End PBXProject section */

/* Begin PBXResourcesBuildPhase section */
		1E7B8B2829E98EF600F7562A /* Resources */ = {
			isa = PBXResourcesBuildPhase;
			buildActionMask = 2147483647;
			files = (
				1E7B8B3A29E98EF900F7562A /* LaunchScreen.storyboard in Resources */,
				1E7B8B3729E98EF900F7562A /* Assets.xcassets in Resources */,
				1E7B8B3529E98EF600F7562A /* Main.storyboard in Resources */,
			);
			runOnlyForDeploymentPostprocessing = 0;
		};
		1E7B8B3E29E98EF900F7562A /* Resources */ = {
			isa = PBXResourcesBuildPhase;
			buildActionMask = 2147483647;
			files = (
			);
			runOnlyForDeploymentPostprocessing = 0;
		};
		1E7B8B4829E98EF900F7562A /* Resources */ = {
			isa = PBXResourcesBuildPhase;
			buildActionMask = 2147483647;
			files = (
			);
			runOnlyForDeploymentPostprocessing = 0;
		};
/* End PBXResourcesBuildPhase section */

/* Begin PBXSourcesBuildPhase section */
		1E7B8B2629E98EF600F7562A /* Sources */ = {
			isa = PBXSourcesBuildPhase;
			buildActionMask = 2147483647;
			files = (
				1E7B8B3229E98EF600F7562A /* ViewController.swift in Sources */,
				1E7B8B2E29E98EF600F7562A /* AppDelegate.swift in Sources */,
				1E7B8B3029E98EF600F7562A /* SceneDelegate.swift in Sources */,
			);
			runOnlyForDeploymentPostprocessing = 0;
		};
		1E7B8B3C29E98EF900F7562A /* Sources */ = {
			isa = PBXSourcesBuildPhase;
			buildActionMask = 2147483647;
			files = (
				1E7B8B4529E98EF900F7562A /* FilmotekaTests.swift in Sources */,
			);
			runOnlyForDeploymentPostprocessing = 0;
		};
		1E7B8B4629E98EF900F7562A /* Sources */ = {
			isa = PBXSourcesBuildPhase;
			buildActionMask = 2147483647;
			files = (
				1E7B8B4F29E98EF900F7562A /* FilmotekaUITests.swift in Sources */,
				1E7B8B5129E98EF900F7562A /* FilmotekaUITestsLaunchTests.swift in Sources */,
			);
			runOnlyForDeploymentPostprocessing = 0;
		};
/* End PBXSourcesBuildPhase section */

/* Begin PBXTargetDependency section */
		1E7B8B4229E98EF900F7562A /* PBXTargetDependency */ = {
			isa = PBXTargetDependency;
			target = 1E7B8B2929E98EF600F7562A /* Filmoteka */;
			targetProxy = 1E7B8B4129E98EF900F7562A /* PBXContainerItemProxy */;
		};
		1E7B8B4C29E98EF900F7562A /* PBXTargetDependency */ = {
			isa = PBXTargetDependency;
			target = 1E7B8B2929E98EF600F7562A /* Filmoteka */;
			targetProxy = 1E7B8B4B29E98EF900F7562A /* PBXContainerItemProxy */;
		};
/* End PBXTargetDependency section */

/* Begin PBXVariantGroup section */
		1E7B8B3329E98EF600F7562A /* Main.storyboard */ = {
			isa = PBXVariantGroup;
			children = (
				1E7B8B3429E98EF600F7562A /* Base */,
			);
			name = Main.storyboard;
			sourceTree = "<group>";
		};
		1E7B8B3829E98EF900F7562A /* LaunchScreen.storyboard */ = {
			isa = PBXVariantGroup;
			children = (
				1E7B8B3929E98EF900F7562A /* Base */,
			);
			name = LaunchScreen.storyboard;
			sourceTree = "<group>";
		};
/* End PBXVariantGroup section */

/* Begin XCBuildConfiguration section */
		1E7B8B5229E98EF900F7562A /* Debug */ = {
			isa = XCBuildConfiguration;
			buildSettings = {
				ALWAYS_SEARCH_USER_PATHS = NO;
				CLANG_ANALYZER_NONNULL = YES;
				CLANG_ANALYZER_NUMBER_OBJECT_CONVERSION = YES_AGGRESSIVE;
				CLANG_CXX_LANGUAGE_STANDARD = "gnu++20";
				CLANG_ENABLE_MODULES = YES;
				CLANG_ENABLE_OBJC_ARC = YES;
				CLANG_ENABLE_OBJC_WEAK = YES;
				CLANG_WARN_BLOCK_CAPTURE_AUTORELEASING = YES;
				CLANG_WARN_BOOL_CONVERSION = YES;
				CLANG_WARN_COMMA = YES;
				CLANG_WARN_CONSTANT_CONVERSION = YES;
				CLANG_WARN_DEPRECATED_OBJC_IMPLEMENTATIONS = YES;
				CLANG_WARN_DIRECT_OBJC_ISA_USAGE = YES_ERROR;
				CLANG_WARN_DOCUMENTATION_COMMENTS = YES;
				CLANG_WARN_EMPTY_BODY = YES;
				CLANG_WARN_ENUM_CONVERSION = YES;
				CLANG_WARN_INFINITE_RECURSION = YES;
				CLANG_WARN_INT_CONVERSION = YES;
				CLANG_WARN_NON_LITERAL_NULL_CONVERSION = YES;
				CLANG_WARN_OBJC_IMPLICIT_RETAIN_SELF = YES;
				CLANG_WARN_OBJC_LITERAL_CONVERSION = YES;
				CLANG_WARN_OBJC_ROOT_CLASS = YES_ERROR;
				CLANG_WARN_QUOTED_INCLUDE_IN_FRAMEWORK_HEADER = YES;
				CLANG_WARN_RANGE_LOOP_ANALYSIS = YES;
				CLANG_WARN_STRICT_PROTOTYPES = YES;
				CLANG_WARN_SUSPICIOUS_MOVE = YES;
				CLANG_WARN_UNGUARDED_AVAILABILITY = YES_AGGRESSIVE;
				CLANG_WARN_UNREACHABLE_CODE = YES;
				CLANG_WARN__DUPLICATE_METHOD_MATCH = YES;
				COPY_PHASE_STRIP = NO;
				DEBUG_INFORMATION_FORMAT = dwarf;
				ENABLE_STRICT_OBJC_MSGSEND = YES;
				ENABLE_TESTABILITY = YES;
				GCC_C_LANGUAGE_STANDARD = gnu11;
				GCC_DYNAMIC_NO_PIC = NO;
				GCC_NO_COMMON_BLOCKS = YES;
				GCC_OPTIMIZATION_LEVEL = 0;
				GCC_PREPROCESSOR_DEFINITIONS = (
					"DEBUG=1",
					"$(inherited)",
				);
				GCC_WARN_64_TO_32_BIT_CONVERSION = YES;
				GCC_WARN_ABOUT_RETURN_TYPE = YES_ERROR;
				GCC_WARN_UNDECLARED_SELECTOR = YES;
				GCC_WARN_UNINITIALIZED_AUTOS = YES_AGGRESSIVE;
				GCC_WARN_UNUSED_FUNCTION = YES;
				GCC_WARN_UNUSED_VARIABLE = YES;
				IPHONEOS_DEPLOYMENT_TARGET = 16.2;
				MTL_ENABLE_DEBUG_INFO = INCLUDE_SOURCE;
				MTL_FAST_MATH = YES;
				ONLY_ACTIVE_ARCH = YES;
				SDKROOT = iphoneos;
				SWIFT_ACTIVE_COMPILATION_CONDITIONS = DEBUG;
				SWIFT_OPTIMIZATION_LEVEL = "-Onone";
			};
			name = Debug;
		};
		1E7B8B5329E98EF900F7562A /* Release */ = {
			isa = XCBuildConfiguration;
			buildSettings = {
				ALWAYS_SEARCH_USER_PATHS = NO;
				CLANG_ANALYZER_NONNULL = YES;
				CLANG_ANALYZER_NUMBER_OBJECT_CONVERSION = YES_AGGRESSIVE;
				CLANG_CXX_LANGUAGE_STANDARD = "gnu++20";
				CLANG_ENABLE_MODULES = YES;
				CLANG_ENABLE_OBJC_ARC = YES;
				CLANG_ENABLE_OBJC_WEAK = YES;
				CLANG_WARN_BLOCK_CAPTURE_AUTORELEASING = YES;
				CLANG_WARN_BOOL_CONVERSION = YES;
				CLANG_WARN_COMMA = YES;
				CLANG_WARN_CONSTANT_CONVERSION = YES;
				CLANG_WARN_DEPRECATED_OBJC_IMPLEMENTATIONS = YES;
				CLANG_WARN_DIRECT_OBJC_ISA_USAGE = YES_ERROR;
				CLANG_WARN_DOCUMENTATION_COMMENTS = YES;
				CLANG_WARN_EMPTY_BODY = YES;
				CLANG_WARN_ENUM_CONVERSION = YES;
				CLANG_WARN_INFINITE_RECURSION = YES;
				CLANG_WARN_INT_CONVERSION = YES;
				CLANG_WARN_NON_LITERAL_NULL_CONVERSION = YES;
				CLANG_WARN_OBJC_IMPLICIT_RETAIN_SELF = YES;
				CLANG_WARN_OBJC_LITERAL_CONVERSION = YES;
				CLANG_WARN_OBJC_ROOT_CLASS = YES_ERROR;
				CLANG_WARN_QUOTED_INCLUDE_IN_FRAMEWORK_HEADER = YES;
				CLANG_WARN_RANGE_LOOP_ANALYSIS = YES;
				CLANG_WARN_STRICT_PROTOTYPES = YES;
				CLANG_WARN_SUSPICIOUS_MOVE = YES;
				CLANG_WARN_UNGUARDED_AVAILABILITY = YES_AGGRESSIVE;
				CLANG_WARN_UNREACHABLE_CODE = YES;
				CLANG_WARN__DUPLICATE_METHOD_MATCH = YES;
				COPY_PHASE_STRIP = NO;
				DEBUG_INFORMATION_FORMAT = "dwarf-with-dsym";
				ENABLE_NS_ASSERTIONS = NO;
				ENABLE_STRICT_OBJC_MSGSEND = YES;
				GCC_C_LANGUAGE_STANDARD = gnu11;
				GCC_NO_COMMON_BLOCKS = YES;
				GCC_WARN_64_TO_32_BIT_CONVERSION = YES;
				GCC_WARN_ABOUT_RETURN_TYPE = YES_ERROR;
				GCC_WARN_UNDECLARED_SELECTOR = YES;
				GCC_WARN_UNINITIALIZED_AUTOS = YES_AGGRESSIVE;
				GCC_WARN_UNUSED_FUNCTION = YES;
				GCC_WARN_UNUSED_VARIABLE = YES;
				IPHONEOS_DEPLOYMENT_TARGET = 16.2;
				MTL_ENABLE_DEBUG_INFO = NO;
				MTL_FAST_MATH = YES;
				SDKROOT = iphoneos;
				SWIFT_COMPILATION_MODE = wholemodule;
				SWIFT_OPTIMIZATION_LEVEL = "-O";
				VALIDATE_PRODUCT = YES;
			};
			name = Release;
		};
		1E7B8B5529E98EF900F7562A /* Debug */ = {
			isa = XCBuildConfiguration;
			buildSettings = {
				ASSETCATALOG_COMPILER_APPICON_NAME = AppIcon;
				ASSETCATALOG_COMPILER_GLOBAL_ACCENT_COLOR_NAME = AccentColor;
				CODE_SIGN_STYLE = Automatic;
				CURRENT_PROJECT_VERSION = 1;
				DEVELOPMENT_TEAM = YB3MVSHSDQ;
				GENERATE_INFOPLIST_FILE = YES;
				INFOPLIST_FILE = Filmoteka/Info.plist;
				INFOPLIST_KEY_UIApplicationSupportsIndirectInputEvents = YES;
				INFOPLIST_KEY_UILaunchStoryboardName = LaunchScreen;
				INFOPLIST_KEY_UIMainStoryboardFile = Main;
				INFOPLIST_KEY_UISupportedInterfaceOrientations_iPad = "UIInterfaceOrientationPortrait UIInterfaceOrientationPortraitUpsideDown UIInterfaceOrientationLandscapeLeft UIInterfaceOrientationLandscapeRight";
				INFOPLIST_KEY_UISupportedInterfaceOrientations_iPhone = "UIInterfaceOrientationPortrait UIInterfaceOrientationLandscapeLeft UIInterfaceOrientationLandscapeRight";
				LD_RUNPATH_SEARCH_PATHS = (
					"$(inherited)",
					"@executable_path/Frameworks",
				);
				MARKETING_VERSION = 1.0;
				PRODUCT_BUNDLE_IDENTIFIER = ADSkor.Filmoteka;
				PRODUCT_NAME = "$(TARGET_NAME)";
				SWIFT_EMIT_LOC_STRINGS = YES;
				SWIFT_VERSION = 5.0;
				TARGETED_DEVICE_FAMILY = "1,2";
			};
			name = Debug;
		};
		1E7B8B5629E98EF900F7562A /* Release */ = {
			isa = XCBuildConfiguration;
			buildSettings = {
				ASSETCATALOG_COMPILER_APPICON_NAME = AppIcon;
				ASSETCATALOG_COMPILER_GLOBAL_ACCENT_COLOR_NAME = AccentColor;
				CODE_SIGN_STYLE = Automatic;
				CURRENT_PROJECT_VERSION = 1;
				DEVELOPMENT_TEAM = YB3MVSHSDQ;
				GENERATE_INFOPLIST_FILE = YES;
				INFOPLIST_FILE = Filmoteka/Info.plist;
				INFOPLIST_KEY_UIApplicationSupportsIndirectInputEvents = YES;
				INFOPLIST_KEY_UILaunchStoryboardName = LaunchScreen;
				INFOPLIST_KEY_UIMainStoryboardFile = Main;
				INFOPLIST_KEY_UISupportedInterfaceOrientations_iPad = "UIInterfaceOrientationPortrait UIInterfaceOrientationPortraitUpsideDown UIInterfaceOrientationLandscapeLeft UIInterfaceOrientationLandscapeRight";
				INFOPLIST_KEY_UISupportedInterfaceOrientations_iPhone = "UIInterfaceOrientationPortrait UIInterfaceOrientationLandscapeLeft UIInterfaceOrientationLandscapeRight";
				LD_RUNPATH_SEARCH_PATHS = (
					"$(inherited)",
					"@executable_path/Frameworks",
				);
				MARKETING_VERSION = 1.0;
				PRODUCT_BUNDLE_IDENTIFIER = ADSkor.Filmoteka;
				PRODUCT_NAME = "$(TARGET_NAME)";
				SWIFT_EMIT_LOC_STRINGS = YES;
				SWIFT_VERSION = 5.0;
				TARGETED_DEVICE_FAMILY = "1,2";
			};
			name = Release;
		};
		1E7B8B5829E98EF900F7562A /* Debug */ = {
			isa = XCBuildConfiguration;
			buildSettings = {
				ALWAYS_EMBED_SWIFT_STANDARD_LIBRARIES = YES;
				BUNDLE_LOADER = "$(TEST_HOST)";
				CODE_SIGN_STYLE = Automatic;
				CURRENT_PROJECT_VERSION = 1;
				DEVELOPMENT_TEAM = YB3MVSHSDQ;
				GENERATE_INFOPLIST_FILE = YES;
				IPHONEOS_DEPLOYMENT_TARGET = 16.2;
				MARKETING_VERSION = 1.0;
				PRODUCT_BUNDLE_IDENTIFIER = ADSkor.FilmotekaTests;
				PRODUCT_NAME = "$(TARGET_NAME)";
				SWIFT_EMIT_LOC_STRINGS = NO;
				SWIFT_VERSION = 5.0;
				TARGETED_DEVICE_FAMILY = "1,2";
				TEST_HOST = "$(BUILT_PRODUCTS_DIR)/Filmoteka.app/$(BUNDLE_EXECUTABLE_FOLDER_PATH)/Filmoteka";
			};
			name = Debug;
		};
		1E7B8B5929E98EF900F7562A /* Release */ = {
			isa = XCBuildConfiguration;
			buildSettings = {
				ALWAYS_EMBED_SWIFT_STANDARD_LIBRARIES = YES;
				BUNDLE_LOADER = "$(TEST_HOST)";
				CODE_SIGN_STYLE = Automatic;
				CURRENT_PROJECT_VERSION = 1;
				DEVELOPMENT_TEAM = YB3MVSHSDQ;
				GENERATE_INFOPLIST_FILE = YES;
				IPHONEOS_DEPLOYMENT_TARGET = 16.2;
				MARKETING_VERSION = 1.0;
				PRODUCT_BUNDLE_IDENTIFIER = ADSkor.FilmotekaTests;
				PRODUCT_NAME = "$(TARGET_NAME)";
				SWIFT_EMIT_LOC_STRINGS = NO;
				SWIFT_VERSION = 5.0;
				TARGETED_DEVICE_FAMILY = "1,2";
				TEST_HOST = "$(BUILT_PRODUCTS_DIR)/Filmoteka.app/$(BUNDLE_EXECUTABLE_FOLDER_PATH)/Filmoteka";
			};
			name = Release;
		};
		1E7B8B5B29E98EF900F7562A /* Debug */ = {
			isa = XCBuildConfiguration;
			buildSettings = {
				ALWAYS_EMBED_SWIFT_STANDARD_LIBRARIES = YES;
				CODE_SIGN_STYLE = Automatic;
				CURRENT_PROJECT_VERSION = 1;
				DEVELOPMENT_TEAM = YB3MVSHSDQ;
				GENERATE_INFOPLIST_FILE = YES;
				MARKETING_VERSION = 1.0;
				PRODUCT_BUNDLE_IDENTIFIER = ADSkor.FilmotekaUITests;
				PRODUCT_NAME = "$(TARGET_NAME)";
				SWIFT_EMIT_LOC_STRINGS = NO;
				SWIFT_VERSION = 5.0;
				TARGETED_DEVICE_FAMILY = "1,2";
				TEST_TARGET_NAME = Filmoteka;
			};
			name = Debug;
		};
		1E7B8B5C29E98EF900F7562A /* Release */ = {
			isa = XCBuildConfiguration;
			buildSettings = {
				ALWAYS_EMBED_SWIFT_STANDARD_LIBRARIES = YES;
				CODE_SIGN_STYLE = Automatic;
				CURRENT_PROJECT_VERSION = 1;
				DEVELOPMENT_TEAM = YB3MVSHSDQ;
				GENERATE_INFOPLIST_FILE = YES;
				MARKETING_VERSION = 1.0;
				PRODUCT_BUNDLE_IDENTIFIER = ADSkor.FilmotekaUITests;
				PRODUCT_NAME = "$(TARGET_NAME)";
				SWIFT_EMIT_LOC_STRINGS = NO;
				SWIFT_VERSION = 5.0;
				TARGETED_DEVICE_FAMILY = "1,2";
				TEST_TARGET_NAME = Filmoteka;
			};
			name = Release;
		};
/* End XCBuildConfiguration section */

/* Begin XCConfigurationList section */
		1E7B8B2529E98EF600F7562A /* Build configuration list for PBXProject "Filmoteka" */ = {
			isa = XCConfigurationList;
			buildConfigurations = (
				1E7B8B5229E98EF900F7562A /* Debug */,
				1E7B8B5329E98EF900F7562A /* Release */,
			);
			defaultConfigurationIsVisible = 0;
			defaultConfigurationName = Release;
		};
		1E7B8B5429E98EF900F7562A /* Build configuration list for PBXNativeTarget "Filmoteka" */ = {
			isa = XCConfigurationList;
			buildConfigurations = (
				1E7B8B5529E98EF900F7562A /* Debug */,
				1E7B8B5629E98EF900F7562A /* Release */,
			);
			defaultConfigurationIsVisible = 0;
			defaultConfigurationName = Release;
		};
		1E7B8B5729E98EF900F7562A /* Build configuration list for PBXNativeTarget "FilmotekaTests" */ = {
			isa = XCConfigurationList;
			buildConfigurations = (
				1E7B8B5829E98EF900F7562A /* Debug */,
				1E7B8B5929E98EF900F7562A /* Release */,
			);
			defaultConfigurationIsVisible = 0;
			defaultConfigurationName = Release;
		};
		1E7B8B5A29E98EF900F7562A /* Build configuration list for PBXNativeTarget "FilmotekaUITests" */ = {
			isa = XCConfigurationList;
			buildConfigurations = (
				1E7B8B5B29E98EF900F7562A /* Debug */,
				1E7B8B5C29E98EF900F7562A /* Release */,
			);
			defaultConfigurationIsVisible = 0;
			defaultConfigurationName = Release;
		};
/* End XCConfigurationList section */
	};
	rootObject = 1E7B8B2229E98EF600F7562A /* Project object */;
}
